
Microsoft Visual Studio Solution File, Format Version 12.00
# Visual Studio Version 16
VisualStudioVersion = 16.0.29728.190
MinimumVisualStudioVersion = 10.0.40219.1
Project("{FAE04EC0-301F-11D3-BF4B-00C04F79EFBC}") = "WpfMasterDetail_Demo", "WpfMasterDetail_Demo\WpfMasterDetail_Demo.csproj", "{07C3382A-7856-4FAC-92BD-AB1C054F2096}"
EndProject
Global
	GlobalSection(SolutionConfigurationPlatforms) = preSolution
		Debug|Any CPU = Debug|Any CPU
		Release|Any CPU = Release|Any CPU
	EndGlobalSection
	GlobalSection(ProjectConfigurationPlatforms) = postSolution
		{07C3382A-7856-4FAC-92BD-AB1C054F2096}.Debug|Any CPU.ActiveCfg = Debug|Any CPU
		{07C3382A-7856-4FAC-92BD-AB1C054F2096}.Debug|Any CPU.Build.0 = Debug|Any CPU
		{07C3382A-7856-4FAC-92BD-AB1C054F2096}.Release|Any CPU.ActiveCfg = Release|Any CPU
		{07C3382A-7856-4FAC-92BD-AB1C054F2096}.Release|Any CPU.Build.0 = Release|Any CPU
	EndGlobalSection
	GlobalSection(SolutionProperties) = preSolution
		HideSolutionNode = FALSE
	EndGlobalSection
	GlobalSection(ExtensibilityGlobals) = postSolution
		SolutionGuid = {BBA6E5A2-C447-485E-9A45-0232B1F54B56}
	EndGlobalSection
EndGlobal
